// !$*UTF8*$!
{
	archiveVersion = 1;
	classes = {
	};
	objectVersion = 46;
	objects = {

/* Begin PBXBuildFile section */
		76DBC4211F8B1F5000192022 /* Person.swift in Sources */ = {isa = PBXBuildFile; fileRef = 76DBC4201F8B1F5000192022 /* Person.swift */; };
		76DBC4271F8B279A00192022 /* MasterTableViewController.swift in Sources */ = {isa = PBXBuildFile; fileRef = 76DBC4261F8B279A00192022 /* MasterTableViewController.swift */; };
		AE5869691F8AF23B00B675A4 /* ContactListViewController.swift in Sources */ = {isa = PBXBuildFile; fileRef = AE5869681F8AF23B00B675A4 /* ContactListViewController.swift */; };
		AE58696B1F8AF2CC00B675A4 /* Contacts.swift in Sources */ = {isa = PBXBuildFile; fileRef = AE58696A1F8AF2CC00B675A4 /* Contacts.swift */; };
		AE58696E1F8AF40D00B675A4 /* ContactViewController.swift in Sources */ = {isa = PBXBuildFile; fileRef = AE58696D1F8AF40D00B675A4 /* ContactViewController.swift */; };
		AE5E18651F893F3200376FB3 /* AppDelegate.swift in Sources */ = {isa = PBXBuildFile; fileRef = AE5E18641F893F3200376FB3 /* AppDelegate.swift */; };
		AE5E18671F893F3200376FB3 /* ViewController.swift in Sources */ = {isa = PBXBuildFile; fileRef = AE5E18661F893F3200376FB3 /* ViewController.swift */; };
		AE5E186C1F893F3200376FB3 /* Assets.xcassets in Resources */ = {isa = PBXBuildFile; fileRef = AE5E186B1F893F3200376FB3 /* Assets.xcassets */; };
		AE5E186F1F893F3200376FB3 /* LaunchScreen.storyboard in Resources */ = {isa = PBXBuildFile; fileRef = AE5E186D1F893F3200376FB3 /* LaunchScreen.storyboard */; };
		AE5E18781F89406100376FB3 /* Main.storyboard in Resources */ = {isa = PBXBuildFile; fileRef = AE5E18761F89406100376FB3 /* Main.storyboard */; };
/* End PBXBuildFile section */

/* Begin PBXFileReference section */
		76DBC4201F8B1F5000192022 /* Person.swift */ = {isa = PBXFileReference; lastKnownFileType = sourcecode.swift; path = Person.swift; sourceTree = "<group>"; };
		76DBC4261F8B279A00192022 /* MasterTableViewController.swift */ = {isa = PBXFileReference; lastKnownFileType = sourcecode.swift; path = MasterTableViewController.swift; sourceTree = "<group>"; };
		AE5869681F8AF23B00B675A4 /* ContactListViewController.swift */ = {isa = PBXFileReference; fileEncoding = 4; lastKnownFileType = sourcecode.swift; path = ContactListViewController.swift; sourceTree = "<group>"; };
		AE58696A1F8AF2CC00B675A4 /* Contacts.swift */ = {isa = PBXFileReference; fileEncoding = 4; lastKnownFileType = sourcecode.swift; path = Contacts.swift; sourceTree = "<group>"; };
		AE58696D1F8AF40D00B675A4 /* ContactViewController.swift */ = {isa = PBXFileReference; fileEncoding = 4; lastKnownFileType = sourcecode.swift; path = ContactViewController.swift; sourceTree = "<group>"; };
		AE5E18611F893F3200376FB3 /* TechOriginators.app */ = {isa = PBXFileReference; explicitFileType = wrapper.application; includeInIndex = 0; path = TechOriginators.app; sourceTree = BUILT_PRODUCTS_DIR; };
		AE5E18641F893F3200376FB3 /* AppDelegate.swift */ = {isa = PBXFileReference; lastKnownFileType = sourcecode.swift; path = AppDelegate.swift; sourceTree = "<group>"; };
		AE5E18661F893F3200376FB3 /* ViewController.swift */ = {isa = PBXFileReference; lastKnownFileType = sourcecode.swift; path = ViewController.swift; sourceTree = "<group>"; };
		AE5E186B1F893F3200376FB3 /* Assets.xcassets */ = {isa = PBXFileReference; lastKnownFileType = folder.assetcatalog; path = Assets.xcassets; sourceTree = "<group>"; };
		AE5E186E1F893F3200376FB3 /* Base */ = {isa = PBXFileReference; lastKnownFileType = file.storyboard; name = Base; path = Base.lproj/LaunchScreen.storyboard; sourceTree = "<group>"; };
		AE5E18701F893F3200376FB3 /* Info.plist */ = {isa = PBXFileReference; lastKnownFileType = text.plist.xml; path = Info.plist; sourceTree = "<group>"; };
		AE5E18771F89406100376FB3 /* Base */ = {isa = PBXFileReference; lastKnownFileType = file.storyboard; name = Base; path = ../../../Downloads/Capstone/Capstone/Base.lproj/Main.storyboard; sourceTree = "<group>"; };
/* End PBXFileReference section */

/* Begin PBXFrameworksBuildPhase section */
		AE5E185E1F893F3200376FB3 /* Frameworks */ = {
			isa = PBXFrameworksBuildPhase;
			buildActionMask = 2147483647;
			files = (
			);
			runOnlyForDeploymentPostprocessing = 0;
		};
/* End PBXFrameworksBuildPhase section */

/* Begin PBXGroup section */
		AE58696C1F8AF3DD00B675A4 /* Contacts */ = {
			isa = PBXGroup;
			children = (
				AE5869681F8AF23B00B675A4 /* ContactListViewController.swift */,
				AE58696A1F8AF2CC00B675A4 /* Contacts.swift */,
				AE58696D1F8AF40D00B675A4 /* ContactViewController.swift */,
			);
			name = Contacts;
			sourceTree = "<group>";
		};
		AE5E18581F893F3200376FB3 = {
			isa = PBXGroup;
			children = (
				AE5E18631F893F3200376FB3 /* TechOriginators */,
				AE5E18621F893F3200376FB3 /* Products */,
			);
			sourceTree = "<group>";
		};
		AE5E18621F893F3200376FB3 /* Products */ = {
			isa = PBXGroup;
			children = (
				AE5E18611F893F3200376FB3 /* TechOriginators.app */,
			);
			name = Products;
			sourceTree = "<group>";
		};
		AE5E18631F893F3200376FB3 /* TechOriginators */ = {
			isa = PBXGroup;
			children = (
				AE58696C1F8AF3DD00B675A4 /* Contacts */,
				AE5E18761F89406100376FB3 /* Main.storyboard */,
				AE5E18641F893F3200376FB3 /* AppDelegate.swift */,
				AE5E18661F893F3200376FB3 /* ViewController.swift */,
				AE5E186B1F893F3200376FB3 /* Assets.xcassets */,
				AE5E186D1F893F3200376FB3 /* LaunchScreen.storyboard */,
				AE5E18701F893F3200376FB3 /* Info.plist */,
				76DBC4201F8B1F5000192022 /* Person.swift */,
				76DBC4261F8B279A00192022 /* MasterTableViewController.swift */,
			);
			path = TechOriginators;
			sourceTree = "<group>";
		};
/* End PBXGroup section */

/* Begin PBXNativeTarget section */
		AE5E18601F893F3200376FB3 /* TechOriginators */ = {
			isa = PBXNativeTarget;
			buildConfigurationList = AE5E18731F893F3200376FB3 /* Build configuration list for PBXNativeTarget "TechOriginators" */;
			buildPhases = (
				AE5E185D1F893F3200376FB3 /* Sources */,
				AE5E185E1F893F3200376FB3 /* Frameworks */,
				AE5E185F1F893F3200376FB3 /* Resources */,
			);
			buildRules = (
			);
			dependencies = (
			);
			name = TechOriginators;
			productName = TechOriginators;
			productReference = AE5E18611F893F3200376FB3 /* TechOriginators.app */;
			productType = "com.apple.product-type.application";
		};
/* End PBXNativeTarget section */

/* Begin PBXProject section */
		AE5E18591F893F3200376FB3 /* Project object */ = {
			isa = PBXProject;
			attributes = {
				LastSwiftUpdateCheck = 0820;
				LastUpgradeCheck = 0820;
				ORGANIZATIONNAME = "Xcode User";
				TargetAttributes = {
					AE5E18601F893F3200376FB3 = {
						CreatedOnToolsVersion = 8.2.1;
						DevelopmentTeam = 225336JC8G;
						ProvisioningStyle = Automatic;
					};
				};
			};
			buildConfigurationList = AE5E185C1F893F3200376FB3 /* Build configuration list for PBXProject "TechOriginators" */;
			compatibilityVersion = "Xcode 3.2";
			developmentRegion = English;
			hasScannedForEncodings = 0;
			knownRegions = (
				en,
				Base,
			);
			mainGroup = AE5E18581F893F3200376FB3;
			productRefGroup = AE5E18621F893F3200376FB3 /* Products */;
			projectDirPath = "";
			projectRoot = "";
			targets = (
				AE5E18601F893F3200376FB3 /* TechOriginators */,
			);
		};
/* End PBXProject section */

/* Begin PBXResourcesBuildPhase section */
		AE5E185F1F893F3200376FB3 /* Resources */ = {
			isa = PBXResourcesBuildPhase;
			buildActionMask = 2147483647;
			files = (
				AE5E18781F89406100376FB3 /* Main.storyboard in Resources */,
				AE5E186F1F893F3200376FB3 /* LaunchScreen.storyboard in Resources */,
				AE5E186C1F893F3200376FB3 /* Assets.xcassets in Resources */,
			);
			runOnlyForDeploymentPostprocessing = 0;
		};
/* End PBXResourcesBuildPhase section */

/* Begin PBXSourcesBuildPhase section */
		AE5E185D1F893F3200376FB3 /* Sources */ = {
			isa = PBXSourcesBuildPhase;
			buildActionMask = 2147483647;
			files = (
				76DBC4211F8B1F5000192022 /* Person.swift in Sources */,
				AE58696B1F8AF2CC00B675A4 /* Contacts.swift in Sources */,
				AE5E18671F893F3200376FB3 /* ViewController.swift in Sources */,
				AE5E18651F893F3200376FB3 /* AppDelegate.swift in Sources */,
				AE5869691F8AF23B00B675A4 /* ContactListViewController.swift in Sources */,
				AE58696E1F8AF40D00B675A4 /* ContactViewController.swift in Sources */,
				76DBC4271F8B279A00192022 /* MasterTableViewController.swift in Sources */,
			);
			runOnlyForDeploymentPostprocessing = 0;
		};
/* End PBXSourcesBuildPhase section */

/* Begin PBXVariantGroup section */
		AE5E186D1F893F3200376FB3 /* LaunchScreen.storyboard */ = {
			isa = PBXVariantGroup;
			children = (
				AE5E186E1F893F3200376FB3 /* Base */,
			);
			name = LaunchScreen.storyboard;
			sourceTree = "<group>";
		};
		AE5E18761F89406100376FB3 /* Main.storyboard */ = {
			isa = PBXVariantGroup;
			children = (
				AE5E18771F89406100376FB3 /* Base */,
			);
			name = Main.storyboard;
			sourceTree = "<group>";
		};
/* End PBXVariantGroup section */

/* Begin XCBuildConfiguration section */
		AE5E18711F893F3200376FB3 /* Debug */ = {
			isa = XCBuildConfiguration;
			buildSettings = {
				ALWAYS_SEARCH_USER_PATHS = NO;
				CLANG_ANALYZER_NONNULL = YES;
				CLANG_CXX_LANGUAGE_STANDARD = "gnu++0x";
				CLANG_CXX_LIBRARY = "libc++";
				CLANG_ENABLE_MODULES = YES;
				CLANG_ENABLE_OBJC_ARC = YES;
				CLANG_WARN_BOOL_CONVERSION = YES;
				CLANG_WARN_CONSTANT_CONVERSION = YES;
				CLANG_WARN_DIRECT_OBJC_ISA_USAGE = YES_ERROR;
				CLANG_WARN_DOCUMENTATION_COMMENTS = YES;
				CLANG_WARN_EMPTY_BODY = YES;
				CLANG_WARN_ENUM_CONVERSION = YES;
				CLANG_WARN_INFINITE_RECURSION = YES;
				CLANG_WARN_INT_CONVERSION = YES;
				CLANG_WARN_OBJC_ROOT_CLASS = YES_ERROR;
				CLANG_WARN_SUSPICIOUS_MOVE = YES;
				CLANG_WARN_UNREACHABLE_CODE = YES;
				CLANG_WARN__DUPLICATE_METHOD_MATCH = YES;
				"CODE_SIGN_IDENTITY[sdk=iphoneos*]" = "iPhone Developer";
				COPY_PHASE_STRIP = NO;
				DEBUG_INFORMATION_FORMAT = dwarf;
				ENABLE_STRICT_OBJC_MSGSEND = YES;
				ENABLE_TESTABILITY = YES;
				GCC_C_LANGUAGE_STANDARD = gnu99;
				GCC_DYNAMIC_NO_PIC = NO;
				GCC_NO_COMMON_BLOCKS = YES;
				GCC_OPTIMIZATION_LEVEL = 0;
				GCC_PREPROCESSOR_DEFINITIONS = (
					"DEBUG=1",
					"$(inherited)",
				);
				GCC_WARN_64_TO_32_BIT_CONVERSION = YES;
				GCC_WARN_ABOUT_RETURN_TYPE = YES_ERROR;
				GCC_WARN_UNDECLARED_SELECTOR = YES;
				GCC_WARN_UNINITIALIZED_AUTOS = YES_AGGRESSIVE;
				GCC_WARN_UNUSED_FUNCTION = YES;
				GCC_WARN_UNUSED_VARIABLE = YES;
				IPHONEOS_DEPLOYMENT_TARGET = 10.2;
				MTL_ENABLE_DEBUG_INFO = YES;
				ONLY_ACTIVE_ARCH = YES;
				SDKROOT = iphoneos;
				SWIFT_ACTIVE_COMPILATION_CONDITIONS = DEBUG;
				SWIFT_OPTIMIZATION_LEVEL = "-Onone";
				TARGETED_DEVICE_FAMILY = "1,2";
			};
			name = Debug;
		};
		AE5E18721F893F3200376FB3 /* Release */ = {
			isa = XCBuildConfiguration;
			buildSettings = {
				ALWAYS_SEARCH_USER_PATHS = NO;
				CLANG_ANALYZER_NONNULL = YES;
				CLANG_CXX_LANGUAGE_STANDARD = "gnu++0x";
				CLANG_CXX_LIBRARY = "libc++";
				CLANG_ENABLE_MODULES = YES;
				CLANG_ENABLE_OBJC_ARC = YES;
				CLANG_WARN_BOOL_CONVERSION = YES;
				CLANG_WARN_CONSTANT_CONVERSION = YES;
				CLANG_WARN_DIRECT_OBJC_ISA_USAGE = YES_ERROR;
				CLANG_WARN_DOCUMENTATION_COMMENTS = YES;
				CLANG_WARN_EMPTY_BODY = YES;
				CLANG_WARN_ENUM_CONVERSION = YES;
				CLANG_WARN_INFINITE_RECURSION = YES;
				CLANG_WARN_INT_CONVERSION = YES;
				CLANG_WARN_OBJC_ROOT_CLASS = YES_ERROR;
				CLANG_WARN_SUSPICIOUS_MOVE = YES;
				CLANG_WARN_UNREACHABLE_CODE = YES;
				CLANG_WARN__DUPLICATE_METHOD_MATCH = YES;
				"CODE_SIGN_IDENTITY[sdk=iphoneos*]" = "iPhone Developer";
				COPY_PHASE_STRIP = NO;
				DEBUG_INFORMATION_FORMAT = "dwarf-with-dsym";
				ENABLE_NS_ASSERTIONS = NO;
				ENABLE_STRICT_OBJC_MSGSEND = YES;
				GCC_C_LANGUAGE_STANDARD = gnu99;
				GCC_NO_COMMON_BLOCKS = YES;
				GCC_WARN_64_TO_32_BIT_CONVERSION = YES;
				GCC_WARN_ABOUT_RETURN_TYPE = YES_ERROR;
				GCC_WARN_UNDECLARED_SELECTOR = YES;
				GCC_WARN_UNINITIALIZED_AUTOS = YES_AGGRESSIVE;
				GCC_WARN_UNUSED_FUNCTION = YES;
				GCC_WARN_UNUSED_VARIABLE = YES;
				IPHONEOS_DEPLOYMENT_TARGET = 10.2;
				MTL_ENABLE_DEBUG_INFO = NO;
				SDKROOT = iphoneos;
				SWIFT_OPTIMIZATION_LEVEL = "-Owholemodule";
				TARGETED_DEVICE_FAMILY = "1,2";
				VALIDATE_PRODUCT = YES;
			};
			name = Release;
		};
		AE5E18741F893F3200376FB3 /* Debug */ = {
			isa = XCBuildConfiguration;
			buildSettings = {
				ASSETCATALOG_COMPILER_APPICON_NAME = AppIcon;
				DEVELOPMENT_TEAM = 225336JC8G;
				INFOPLIST_FILE = TechOriginators/Info.plist;
				LD_RUNPATH_SEARCH_PATHS = "$(inherited) @executable_path/Frameworks";
				PRODUCT_BUNDLE_IDENTIFIER = com.prog39856.TechOriginators;
				PRODUCT_NAME = "$(TARGET_NAME)";
				SWIFT_VERSION = 3.0;
			};
			name = Debug;
		};
		AE5E18751F893F3200376FB3 /* Release */ = {
			isa = XCBuildConfiguration;
			buildSettings = {
				ASSETCATALOG_COMPILER_APPICON_NAME = AppIcon;
				DEVELOPMENT_TEAM = 225336JC8G;
				INFOPLIST_FILE = TechOriginators/Info.plist;
				LD_RUNPATH_SEARCH_PATHS = "$(inherited) @executable_path/Frameworks";
				PRODUCT_BUNDLE_IDENTIFIER = com.prog39856.TechOriginators;
				PRODUCT_NAME = "$(TARGET_NAME)";
				SWIFT_VERSION = 3.0;
			};
			name = Release;
		};
/* End XCBuildConfiguration section */

/* Begin XCConfigurationList section */
		AE5E185C1F893F3200376FB3 /* Build configuration list for PBXProject "TechOriginators" */ = {
			isa = XCConfigurationList;
			buildConfigurations = (
				AE5E18711F893F3200376FB3 /* Debug */,
				AE5E18721F893F3200376FB3 /* Release */,
			);
			defaultConfigurationIsVisible = 0;
			defaultConfigurationName = Release;
		};
		AE5E18731F893F3200376FB3 /* Build configuration list for PBXNativeTarget "TechOriginators" */ = {
			isa = XCConfigurationList;
			buildConfigurations = (
				AE5E18741F893F3200376FB3 /* Debug */,
				AE5E18751F893F3200376FB3 /* Release */,
			);
			defaultConfigurationIsVisible = 0;
			defaultConfigurationName = Release;
		};
/* End XCConfigurationList section */
	};
	rootObject = AE5E18591F893F3200376FB3 /* Project object */;
}
